
Microsoft Visual Studio Solution File, Format Version 12.00
# Visual Studio Version 17
VisualStudioVersion = 17.0.31903.59
MinimumVisualStudioVersion = 10.0.40219.1
Project("{FAE04EC0-301F-11D3-BF4B-00C04F79EFBC}") = "TicTacToe.Web", "src\TicTacToe.Web\TicTacToe.Web.csproj", "{FC849AF4-F13B-4FA6-A9A9-B2F98086166D}"
EndProject
Project("{FAE04EC0-301F-11D3-BF4B-00C04F79EFBC}") = "TicTacToe.Shared", "src\TicTacToe.Shared\TicTacToe.Shared.csproj", "{D41850A9-E908-4BAA-978F-B6C308AF4DC4}"
EndProject
Global
	GlobalSection(SolutionConfigurationPlatforms) = preSolution
		Debug|Any CPU = Debug|Any CPU
		Release|Any CPU = Release|Any CPU
	EndGlobalSection
	GlobalSection(ProjectConfigurationPlatforms) = postSolution
		{FC849AF4-F13B-4FA6-A9A9-B2F98086166D}.Debug|Any CPU.ActiveCfg = Debug|Any CPU
		{FC849AF4-F13B-4FA6-A9A9-B2F98086166D}.Debug|Any CPU.Build.0 = Debug|Any CPU
		{FC849AF4-F13B-4FA6-A9A9-B2F98086166D}.Release|Any CPU.ActiveCfg = Release|Any CPU
		{FC849AF4-F13B-4FA6-A9A9-B2F98086166D}.Release|Any CPU.Build.0 = Release|Any CPU
		{D41850A9-E908-4BAA-978F-B6C308AF4DC4}.Debug|Any CPU.ActiveCfg = Debug|Any CPU
		{D41850A9-E908-4BAA-978F-B6C308AF4DC4}.Debug|Any CPU.Build.0 = Debug|Any CPU
		{D41850A9-E908-4BAA-978F-B6C308AF4DC4}.Release|Any CPU.ActiveCfg = Release|Any CPU
		{D41850A9-E908-4BAA-978F-B6C308AF4DC4}.Release|Any CPU.Build.0 = Release|Any CPU
	EndGlobalSection
	GlobalSection(SolutionProperties) = preSolution
		HideSolutionNode = FALSE
	EndGlobalSection
EndGlobal
